
Microsoft Visual Studio Solution File, Format Version 12.00
# Visual Studio Version 17
VisualStudioVersion = 17.13.35913.81
MinimumVisualStudioVersion = 10.0.40219.1
Project("{FAE04EC0-301F-11D3-BF4B-00C04F79EFBC}") = "CustomTitlebar", "CustomTitlebar\CustomTitlebar.csproj", "{1B4A0B45-7C6B-4EFD-B92B-FA07000186DA}"
EndProject
Global
	GlobalSection(SolutionConfigurationPlatforms) = preSolution
		Debug|Any CPU = Debug|Any CPU
		Release|Any CPU = Release|Any CPU
	EndGlobalSection
	GlobalSection(ProjectConfigurationPlatforms) = postSolution
		{1B4A0B45-7C6B-4EFD-B92B-FA07000186DA}.Debug|Any CPU.ActiveCfg = Debug|Any CPU
		{1B4A0B45-7C6B-4EFD-B92B-FA07000186DA}.Debug|Any CPU.Build.0 = Debug|Any CPU
		{1B4A0B45-7C6B-4EFD-B92B-FA07000186DA}.Release|Any CPU.ActiveCfg = Release|Any CPU
		{1B4A0B45-7C6B-4EFD-B92B-FA07000186DA}.Release|Any CPU.Build.0 = Release|Any CPU
	EndGlobalSection
	GlobalSection(SolutionProperties) = preSolution
		HideSolutionNode = FALSE
	EndGlobalSection
	GlobalSection(ExtensibilityGlobals) = postSolution
		SolutionGuid = {F0BD1929-7AD2-484A-816C-BE6D69BF4569}
	EndGlobalSection
EndGlobal
